
Microsoft Visual Studio Solution File, Format Version 12.00
# Visual Studio Version 17
VisualStudioVersion = 17.7.34202.233
MinimumVisualStudioVersion = 10.0.40219.1
Project("{9A19103F-16F7-4668-BE54-9A1E7A4F7556}") = "HopesSpawnMultipliers", "HopesSpawnMultipliers.csproj", "{60BB0170-E1CC-4448-A1B7-8177F7703527}"
EndProject
Global
	GlobalSection(SolutionConfigurationPlatforms) = preSolution
		Debug|Any CPU = Debug|Any CPU
		Release|Any CPU = Release|Any CPU
	EndGlobalSection
	GlobalSection(ProjectConfigurationPlatforms) = postSolution
		{60BB0170-E1CC-4448-A1B7-8177F7703527}.Debug|Any CPU.ActiveCfg = Debug|Any CPU
		{60BB0170-E1CC-4448-A1B7-8177F7703527}.Debug|Any CPU.Build.0 = Debug|Any CPU
		{60BB0170-E1CC-4448-A1B7-8177F7703527}.Release|Any CPU.ActiveCfg = Release|Any CPU
		{60BB0170-E1CC-4448-A1B7-8177F7703527}.Release|Any CPU.Build.0 = Release|Any CPU
	EndGlobalSection
	GlobalSection(SolutionProperties) = preSolution
		HideSolutionNode = FALSE
	EndGlobalSection
	GlobalSection(ExtensibilityGlobals) = postSolution
		SolutionGuid = {7778060E-1F26-49A4-83D9-6CB9336B253A}
	EndGlobalSection
EndGlobal
